// !$*UTF8*$!
{
	archiveVersion = 1;
	classes = {
	};
	objectVersion = 46;
	objects = {

/* Begin PBXBuildFile section */
		16BDB45F15BD916D002121F6 /* UIKit.framework in Frameworks */ = {isa = PBXBuildFile; fileRef = 16BDB45E15BD916D002121F6 /* UIKit.framework */; };
		16BDB46115BD916D002121F6 /* Foundation.framework in Frameworks */ = {isa = PBXBuildFile; fileRef = 16BDB46015BD916D002121F6 /* Foundation.framework */; };
		16BDB46315BD916D002121F6 /* CoreGraphics.framework in Frameworks */ = {isa = PBXBuildFile; fileRef = 16BDB46215BD916D002121F6 /* CoreGraphics.framework */; };
		16BDB46915BD916D002121F6 /* InfoPlist.strings in Resources */ = {isa = PBXBuildFile; fileRef = 16BDB46715BD916D002121F6 /* InfoPlist.strings */; };
		16BDB46B15BD916D002121F6 /* main.m in Sources */ = {isa = PBXBuildFile; fileRef = 16BDB46A15BD916D002121F6 /* main.m */; };
		16BDB46F15BD916D002121F6 /* CalculatorAppDelegate.m in Sources */ = {isa = PBXBuildFile; fileRef = 16BDB46E15BD916D002121F6 /* CalculatorAppDelegate.m */; };
		16BDB47215BD916D002121F6 /* MainStoryboard.storyboard in Resources */ = {isa = PBXBuildFile; fileRef = 16BDB47015BD916D002121F6 /* MainStoryboard.storyboard */; };
		16BDB47515BD916D002121F6 /* CalculatorViewController.m in Sources */ = {isa = PBXBuildFile; fileRef = 16BDB47415BD916D002121F6 /* CalculatorViewController.m */; };
		16BDB47D15BDA322002121F6 /* CalculatorBrain.m in Sources */ = {isa = PBXBuildFile; fileRef = 16BDB47C15BDA322002121F6 /* CalculatorBrain.m */; };
/* End PBXBuildFile section */

/* Begin PBXFileReference section */
		16BDB45A15BD916D002121F6 /* Calculator.app */ = {isa = PBXFileReference; explicitFileType = wrapper.application; includeInIndex = 0; path = Calculator.app; sourceTree = BUILT_PRODUCTS_DIR; };
		16BDB45E15BD916D002121F6 /* UIKit.framework */ = {isa = PBXFileReference; lastKnownFileType = wrapper.framework; name = UIKit.framework; path = System/Library/Frameworks/UIKit.framework; sourceTree = SDKROOT; };
		16BDB46015BD916D002121F6 /* Foundation.framework */ = {isa = PBXFileReference; lastKnownFileType = wrapper.framework; name = Foundation.framework; path = System/Library/Frameworks/Foundation.framework; sourceTree = SDKROOT; };
		16BDB46215BD916D002121F6 /* CoreGraphics.framework */ = {isa = PBXFileReference; lastKnownFileType = wrapper.framework; name = CoreGraphics.framework; path = System/Library/Frameworks/CoreGraphics.framework; sourceTree = SDKROOT; };
		16BDB46615BD916D002121F6 /* Calculator-Info.plist */ = {isa = PBXFileReference; lastKnownFileType = text.plist.xml; path = "Calculator-Info.plist"; sourceTree = "<group>"; };
		16BDB46815BD916D002121F6 /* en */ = {isa = PBXFileReference; lastKnownFileType = text.plist.strings; name = en; path = en.lproj/InfoPlist.strings; sourceTree = "<group>"; };
		16BDB46A15BD916D002121F6 /* main.m */ = {isa = PBXFileReference; lastKnownFileType = sourcecode.c.objc; path = main.m; sourceTree = "<group>"; };
		16BDB46C15BD916D002121F6 /* Calculator-Prefix.pch */ = {isa = PBXFileReference; lastKnownFileType = sourcecode.c.h; path = "Calculator-Prefix.pch"; sourceTree = "<group>"; };
		16BDB46D15BD916D002121F6 /* CalculatorAppDelegate.h */ = {isa = PBXFileReference; lastKnownFileType = sourcecode.c.h; path = CalculatorAppDelegate.h; sourceTree = "<group>"; };
		16BDB46E15BD916D002121F6 /* CalculatorAppDelegate.m */ = {isa = PBXFileReference; lastKnownFileType = sourcecode.c.objc; path = CalculatorAppDelegate.m; sourceTree = "<group>"; };
		16BDB47115BD916D002121F6 /* en */ = {isa = PBXFileReference; lastKnownFileType = file.storyboard; name = en; path = en.lproj/MainStoryboard.storyboard; sourceTree = "<group>"; };
		16BDB47315BD916D002121F6 /* CalculatorViewController.h */ = {isa = PBXFileReference; lastKnownFileType = sourcecode.c.h; path = CalculatorViewController.h; sourceTree = "<group>"; };
		16BDB47415BD916D002121F6 /* CalculatorViewController.m */ = {isa = PBXFileReference; lastKnownFileType = sourcecode.c.objc; path = CalculatorViewController.m; sourceTree = "<group>"; };
		16BDB47B15BDA322002121F6 /* CalculatorBrain.h */ = {isa = PBXFileReference; fileEncoding = 4; lastKnownFileType = sourcecode.c.h; path = CalculatorBrain.h; sourceTree = "<group>"; };
		16BDB47C15BDA322002121F6 /* CalculatorBrain.m */ = {isa = PBXFileReference; fileEncoding = 4; lastKnownFileType = sourcecode.c.objc; path = CalculatorBrain.m; sourceTree = "<group>"; };
/* End PBXFileReference section */

/* Begin PBXFrameworksBuildPhase section */
		16BDB45715BD916D002121F6 /* Frameworks */ = {
			isa = PBXFrameworksBuildPhase;
			buildActionMask = 2147483647;
			files = (
				16BDB45F15BD916D002121F6 /* UIKit.framework in Frameworks */,
				16BDB46115BD916D002121F6 /* Foundation.framework in Frameworks */,
				16BDB46315BD916D002121F6 /* CoreGraphics.framework in Frameworks */,
			);
			runOnlyForDeploymentPostprocessing = 0;
		};
/* End PBXFrameworksBuildPhase section */

/* Begin PBXGroup section */
		16BDB44F15BD916D002121F6 = {
			isa = PBXGroup;
			children = (
				16BDB46415BD916D002121F6 /* Calculator */,
				16BDB45D15BD916D002121F6 /* Frameworks */,
				16BDB45B15BD916D002121F6 /* Products */,
			);
			sourceTree = "<group>";
		};
		16BDB45B15BD916D002121F6 /* Products */ = {
			isa = PBXGroup;
			children = (
				16BDB45A15BD916D002121F6 /* Calculator.app */,
			);
			name = Products;
			sourceTree = "<group>";
		};
		16BDB45D15BD916D002121F6 /* Frameworks */ = {
			isa = PBXGroup;
			children = (
				16BDB45E15BD916D002121F6 /* UIKit.framework */,
				16BDB46015BD916D002121F6 /* Foundation.framework */,
				16BDB46215BD916D002121F6 /* CoreGraphics.framework */,
			);
			name = Frameworks;
			sourceTree = "<group>";
		};
		16BDB46415BD916D002121F6 /* Calculator */ = {
			isa = PBXGroup;
			children = (
				16BDB46D15BD916D002121F6 /* CalculatorAppDelegate.h */,
				16BDB46E15BD916D002121F6 /* CalculatorAppDelegate.m */,
				16BDB47015BD916D002121F6 /* MainStoryboard.storyboard */,
				16BDB47B15BDA322002121F6 /* CalculatorBrain.h */,
				16BDB47C15BDA322002121F6 /* CalculatorBrain.m */,
				16BDB47315BD916D002121F6 /* CalculatorViewController.h */,
				16BDB47415BD916D002121F6 /* CalculatorViewController.m */,
				16BDB46515BD916D002121F6 /* Supporting Files */,
			);
			path = Calculator;
			sourceTree = "<group>";
		};
		16BDB46515BD916D002121F6 /* Supporting Files */ = {
			isa = PBXGroup;
			children = (
				16BDB46615BD916D002121F6 /* Calculator-Info.plist */,
				16BDB46715BD916D002121F6 /* InfoPlist.strings */,
				16BDB46A15BD916D002121F6 /* main.m */,
				16BDB46C15BD916D002121F6 /* Calculator-Prefix.pch */,
			);
			name = "Supporting Files";
			sourceTree = "<group>";
		};
/* End PBXGroup section */

/* Begin PBXNativeTarget section */
		16BDB45915BD916D002121F6 /* Calculator */ = {
			isa = PBXNativeTarget;
			buildConfigurationList = 16BDB47815BD916D002121F6 /* Build configuration list for PBXNativeTarget "Calculator" */;
			buildPhases = (
				16BDB45615BD916D002121F6 /* Sources */,
				16BDB45715BD916D002121F6 /* Frameworks */,
				16BDB45815BD916D002121F6 /* Resources */,
			);
			buildRules = (
			);
			dependencies = (
			);
			name = Calculator;
			productName = Calculator;
			productReference = 16BDB45A15BD916D002121F6 /* Calculator.app */;
			productType = "com.apple.product-type.application";
		};
/* End PBXNativeTarget section */

/* Begin PBXProject section */
		16BDB45115BD916D002121F6 /* Project object */ = {
			isa = PBXProject;
			attributes = {
				CLASSPREFIX = Calculator;
				LastUpgradeCheck = 0430;
			};
			buildConfigurationList = 16BDB45415BD916D002121F6 /* Build configuration list for PBXProject "Calculator" */;
			compatibilityVersion = "Xcode 3.2";
			developmentRegion = English;
			hasScannedForEncodings = 0;
			knownRegions = (
				en,
			);
			mainGroup = 16BDB44F15BD916D002121F6;
			productRefGroup = 16BDB45B15BD916D002121F6 /* Products */;
			projectDirPath = "";
			projectRoot = "";
			targets = (
				16BDB45915BD916D002121F6 /* Calculator */,
			);
		};
/* End PBXProject section */

/* Begin PBXResourcesBuildPhase section */
		16BDB45815BD916D002121F6 /* Resources */ = {
			isa = PBXResourcesBuildPhase;
			buildActionMask = 2147483647;
			files = (
				16BDB46915BD916D002121F6 /* InfoPlist.strings in Resources */,
				16BDB47215BD916D002121F6 /* MainStoryboard.storyboard in Resources */,
			);
			runOnlyForDeploymentPostprocessing = 0;
		};
/* End PBXResourcesBuildPhase section */

/* Begin PBXSourcesBuildPhase section */
		16BDB45615BD916D002121F6 /* Sources */ = {
			isa = PBXSourcesBuildPhase;
			buildActionMask = 2147483647;
			files = (
				16BDB46B15BD916D002121F6 /* main.m in Sources */,
				16BDB46F15BD916D002121F6 /* CalculatorAppDelegate.m in Sources */,
				16BDB47515BD916D002121F6 /* CalculatorViewController.m in Sources */,
				16BDB47D15BDA322002121F6 /* CalculatorBrain.m in Sources */,
			);
			runOnlyForDeploymentPostprocessing = 0;
		};
/* End PBXSourcesBuildPhase section */

/* Begin PBXVariantGroup section */
		16BDB46715BD916D002121F6 /* InfoPlist.strings */ = {
			isa = PBXVariantGroup;
			children = (
				16BDB46815BD916D002121F6 /* en */,
			);
			name = InfoPlist.strings;
			sourceTree = "<group>";
		};
		16BDB47015BD916D002121F6 /* MainStoryboard.storyboard */ = {
			isa = PBXVariantGroup;
			children = (
				16BDB47115BD916D002121F6 /* en */,
			);
			name = MainStoryboard.storyboard;
			sourceTree = "<group>";
		};
/* End PBXVariantGroup section */

/* Begin XCBuildConfiguration section */
		16BDB47615BD916D002121F6 /* Debug */ = {
			isa = XCBuildConfiguration;
			buildSettings = {
				ALWAYS_SEARCH_USER_PATHS = NO;
				ARCHS = "$(ARCHS_STANDARD_32_BIT)";
				CLANG_ENABLE_OBJC_ARC = YES;
				"CODE_SIGN_IDENTITY[sdk=iphoneos*]" = "iPhone Developer";
				COPY_PHASE_STRIP = NO;
				GCC_C_LANGUAGE_STANDARD = gnu99;
				GCC_DYNAMIC_NO_PIC = NO;
				GCC_OPTIMIZATION_LEVEL = 0;
				GCC_PREPROCESSOR_DEFINITIONS = (
					"DEBUG=1",
					"$(inherited)",
				);
				GCC_SYMBOLS_PRIVATE_EXTERN = NO;
				GCC_VERSION = com.apple.compilers.llvm.clang.1_0;
				GCC_WARN_ABOUT_RETURN_TYPE = YES;
				GCC_WARN_UNINITIALIZED_AUTOS = YES;
				GCC_WARN_UNUSED_VARIABLE = YES;
				IPHONEOS_DEPLOYMENT_TARGET = 5.1;
				SDKROOT = iphoneos;
			};
			name = Debug;
		};
		16BDB47715BD916D002121F6 /* Release */ = {
			isa = XCBuildConfiguration;
			buildSettings = {
				ALWAYS_SEARCH_USER_PATHS = NO;
				ARCHS = "$(ARCHS_STANDARD_32_BIT)";
				CLANG_ENABLE_OBJC_ARC = YES;
				"CODE_SIGN_IDENTITY[sdk=iphoneos*]" = "iPhone Developer";
				COPY_PHASE_STRIP = YES;
				GCC_C_LANGUAGE_STANDARD = gnu99;
				GCC_VERSION = com.apple.compilers.llvm.clang.1_0;
				GCC_WARN_ABOUT_RETURN_TYPE = YES;
				GCC_WARN_UNINITIALIZED_AUTOS = YES;
				GCC_WARN_UNUSED_VARIABLE = YES;
				IPHONEOS_DEPLOYMENT_TARGET = 5.1;
				OTHER_CFLAGS = "-DNS_BLOCK_ASSERTIONS=1";
				SDKROOT = iphoneos;
				VALIDATE_PRODUCT = YES;
			};
			name = Release;
		};
		16BDB47915BD916D002121F6 /* Debug */ = {
			isa = XCBuildConfiguration;
			buildSettings = {
				GCC_PRECOMPILE_PREFIX_HEADER = YES;
				GCC_PREFIX_HEADER = "Calculator/Calculator-Prefix.pch";
				INFOPLIST_FILE = "Calculator/Calculator-Info.plist";
				PRODUCT_NAME = "$(TARGET_NAME)";
				WRAPPER_EXTENSION = app;
			};
			name = Debug;
		};
		16BDB47A15BD916D002121F6 /* Release */ = {
			isa = XCBuildConfiguration;
			buildSettings = {
				GCC_PRECOMPILE_PREFIX_HEADER = YES;
				GCC_PREFIX_HEADER = "Calculator/Calculator-Prefix.pch";
				INFOPLIST_FILE = "Calculator/Calculator-Info.plist";
				PRODUCT_NAME = "$(TARGET_NAME)";
				WRAPPER_EXTENSION = app;
			};
			name = Release;
		};
/* End XCBuildConfiguration section */

/* Begin XCConfigurationList section */
		16BDB45415BD916D002121F6 /* Build configuration list for PBXProject "Calculator" */ = {
			isa = XCConfigurationList;
			buildConfigurations = (
				16BDB47615BD916D002121F6 /* Debug */,
				16BDB47715BD916D002121F6 /* Release */,
			);
			defaultConfigurationIsVisible = 0;
			defaultConfigurationName = Release;
		};
		16BDB47815BD916D002121F6 /* Build configuration list for PBXNativeTarget "Calculator" */ = {
			isa = XCConfigurationList;
			buildConfigurations = (
				16BDB47915BD916D002121F6 /* Debug */,
				16BDB47A15BD916D002121F6 /* Release */,
			);
			defaultConfigurationIsVisible = 0;
		};
/* End XCConfigurationList section */
	};
	rootObject = 16BDB45115BD916D002121F6 /* Project object */;
}
